
Microsoft Visual Studio Solution File, Format Version 12.00
# Visual Studio Version 17
VisualStudioVersion = 17.1.31911.260
MinimumVisualStudioVersion = 10.0.40219.1
Project("{FAE04EC0-301F-11D3-BF4B-00C04F79EFBC}") = "StockTracking", "StockTracking\StockTracking.csproj", "{0C29AA19-E21D-46FA-B259-1177620BC0F3}"
EndProject
Global
	GlobalSection(SolutionConfigurationPlatforms) = preSolution
		Debug|Any CPU = Debug|Any CPU
		Release|Any CPU = Release|Any CPU
	EndGlobalSection
	GlobalSection(ProjectConfigurationPlatforms) = postSolution
		{0C29AA19-E21D-46FA-B259-1177620BC0F3}.Debug|Any CPU.ActiveCfg = Debug|Any CPU
		{0C29AA19-E21D-46FA-B259-1177620BC0F3}.Debug|Any CPU.Build.0 = Debug|Any CPU
		{0C29AA19-E21D-46FA-B259-1177620BC0F3}.Release|Any CPU.ActiveCfg = Release|Any CPU
		{0C29AA19-E21D-46FA-B259-1177620BC0F3}.Release|Any CPU.Build.0 = Release|Any CPU
	EndGlobalSection
	GlobalSection(SolutionProperties) = preSolution
		HideSolutionNode = FALSE
	EndGlobalSection
	GlobalSection(ExtensibilityGlobals) = postSolution
		SolutionGuid = {8CD81D01-3D12-4D49-8011-D35CE17F4AE3}
	EndGlobalSection
EndGlobal
